
Microsoft Visual Studio Solution File, Format Version 12.00
# Visual Studio Version 17
VisualStudioVersion = 17.8.34408.163
MinimumVisualStudioVersion = 10.0.40219.1
Project("{9A19103F-16F7-4668-BE54-9A1E7A4F7556}") = "M001", "M001\M001.csproj", "{E8007336-4FBC-4F98-99AE-7771E9CD4436}"
EndProject
Project("{9A19103F-16F7-4668-BE54-9A1E7A4F7556}") = "M000", "M000\M000.csproj", "{DA5331EF-0DDC-4601-A4D4-704B975EF27A}"
EndProject
Project("{9A19103F-16F7-4668-BE54-9A1E7A4F7556}") = "M002", "M002\M002.csproj", "{71145136-94F6-472E-9427-178D28C36123}"
EndProject
Project("{9A19103F-16F7-4668-BE54-9A1E7A4F7556}") = "M003", "M003\M003.csproj", "{1D53A2DF-2CED-4763-B711-6D902B0CF65A}"
EndProject
Project("{9A19103F-16F7-4668-BE54-9A1E7A4F7556}") = "M004", "M004\M004.csproj", "{33E87B06-8615-4796-92F2-0E4C4EBA5358}"
EndProject
Project("{9A19103F-16F7-4668-BE54-9A1E7A4F7556}") = "M005", "M005\M005.csproj", "{BA4BC013-1A1D-40DD-BD3F-72FB74EFD9C9}"
EndProject
Project("{9A19103F-16F7-4668-BE54-9A1E7A4F7556}") = "M006", "M006\M006.csproj", "{6DE39E52-BD4E-4827-A66E-6C267D15EB8C}"
EndProject
Project("{9A19103F-16F7-4668-BE54-9A1E7A4F7556}") = "M007", "M007\M007.csproj", "{FF3FBD71-5348-4B00-ABD8-9F0004CA3483}"
EndProject
Project("{9A19103F-16F7-4668-BE54-9A1E7A4F7556}") = "M008", "M008\M008.csproj", "{0860C4E1-08B8-4C75-877D-E0D6D6A8C7A9}"
EndProject
Project("{9A19103F-16F7-4668-BE54-9A1E7A4F7556}") = "M009", "M009\M009.csproj", "{94F40104-F8B8-4C18-A8C3-B4AEE36CCFD2}"
EndProject
Project("{FAE04EC0-301F-11D3-BF4B-00C04F79EFBC}") = "M010", "M010\M010.csproj", "{933324D4-CDB9-4250-B155-6AB76EDCBB91}"
EndProject
Global
	GlobalSection(SolutionConfigurationPlatforms) = preSolution
		Debug|Any CPU = Debug|Any CPU
		Release|Any CPU = Release|Any CPU
	EndGlobalSection
	GlobalSection(ProjectConfigurationPlatforms) = postSolution
		{E8007336-4FBC-4F98-99AE-7771E9CD4436}.Debug|Any CPU.ActiveCfg = Debug|Any CPU
		{E8007336-4FBC-4F98-99AE-7771E9CD4436}.Debug|Any CPU.Build.0 = Debug|Any CPU
		{E8007336-4FBC-4F98-99AE-7771E9CD4436}.Release|Any CPU.ActiveCfg = Release|Any CPU
		{E8007336-4FBC-4F98-99AE-7771E9CD4436}.Release|Any CPU.Build.0 = Release|Any CPU
		{DA5331EF-0DDC-4601-A4D4-704B975EF27A}.Debug|Any CPU.ActiveCfg = Debug|Any CPU
		{DA5331EF-0DDC-4601-A4D4-704B975EF27A}.Debug|Any CPU.Build.0 = Debug|Any CPU
		{DA5331EF-0DDC-4601-A4D4-704B975EF27A}.Release|Any CPU.ActiveCfg = Release|Any CPU
		{DA5331EF-0DDC-4601-A4D4-704B975EF27A}.Release|Any CPU.Build.0 = Release|Any CPU
		{71145136-94F6-472E-9427-178D28C36123}.Debug|Any CPU.ActiveCfg = Debug|Any CPU
		{71145136-94F6-472E-9427-178D28C36123}.Debug|Any CPU.Build.0 = Debug|Any CPU
		{71145136-94F6-472E-9427-178D28C36123}.Release|Any CPU.ActiveCfg = Release|Any CPU
		{71145136-94F6-472E-9427-178D28C36123}.Release|Any CPU.Build.0 = Release|Any CPU
		{1D53A2DF-2CED-4763-B711-6D902B0CF65A}.Debug|Any CPU.ActiveCfg = Debug|Any CPU
		{1D53A2DF-2CED-4763-B711-6D902B0CF65A}.Debug|Any CPU.Build.0 = Debug|Any CPU
		{1D53A2DF-2CED-4763-B711-6D902B0CF65A}.Release|Any CPU.ActiveCfg = Release|Any CPU
		{1D53A2DF-2CED-4763-B711-6D902B0CF65A}.Release|Any CPU.Build.0 = Release|Any CPU
		{33E87B06-8615-4796-92F2-0E4C4EBA5358}.Debug|Any CPU.ActiveCfg = Debug|Any CPU
		{33E87B06-8615-4796-92F2-0E4C4EBA5358}.Debug|Any CPU.Build.0 = Debug|Any CPU
		{33E87B06-8615-4796-92F2-0E4C4EBA5358}.Release|Any CPU.ActiveCfg = Release|Any CPU
		{33E87B06-8615-4796-92F2-0E4C4EBA5358}.Release|Any CPU.Build.0 = Release|Any CPU
		{BA4BC013-1A1D-40DD-BD3F-72FB74EFD9C9}.Debug|Any CPU.ActiveCfg = Debug|Any CPU
		{BA4BC013-1A1D-40DD-BD3F-72FB74EFD9C9}.Debug|Any CPU.Build.0 = Debug|Any CPU
		{BA4BC013-1A1D-40DD-BD3F-72FB74EFD9C9}.Release|Any CPU.ActiveCfg = Release|Any CPU
		{BA4BC013-1A1D-40DD-BD3F-72FB74EFD9C9}.Release|Any CPU.Build.0 = Release|Any CPU
		{6DE39E52-BD4E-4827-A66E-6C267D15EB8C}.Debug|Any CPU.ActiveCfg = Debug|Any CPU
		{6DE39E52-BD4E-4827-A66E-6C267D15EB8C}.Debug|Any CPU.Build.0 = Debug|Any CPU
		{6DE39E52-BD4E-4827-A66E-6C267D15EB8C}.Release|Any CPU.ActiveCfg = Release|Any CPU
		{6DE39E52-BD4E-4827-A66E-6C267D15EB8C}.Release|Any CPU.Build.0 = Release|Any CPU
		{FF3FBD71-5348-4B00-ABD8-9F0004CA3483}.Debug|Any CPU.ActiveCfg = Debug|Any CPU
		{FF3FBD71-5348-4B00-ABD8-9F0004CA3483}.Debug|Any CPU.Build.0 = Debug|Any CPU
		{FF3FBD71-5348-4B00-ABD8-9F0004CA3483}.Release|Any CPU.ActiveCfg = Release|Any CPU
		{FF3FBD71-5348-4B00-ABD8-9F0004CA3483}.Release|Any CPU.Build.0 = Release|Any CPU
		{0860C4E1-08B8-4C75-877D-E0D6D6A8C7A9}.Debug|Any CPU.ActiveCfg = Debug|Any CPU
		{0860C4E1-08B8-4C75-877D-E0D6D6A8C7A9}.Debug|Any CPU.Build.0 = Debug|Any CPU
		{0860C4E1-08B8-4C75-877D-E0D6D6A8C7A9}.Release|Any CPU.ActiveCfg = Release|Any CPU
		{0860C4E1-08B8-4C75-877D-E0D6D6A8C7A9}.Release|Any CPU.Build.0 = Release|Any CPU
		{94F40104-F8B8-4C18-A8C3-B4AEE36CCFD2}.Debug|Any CPU.ActiveCfg = Debug|Any CPU
		{94F40104-F8B8-4C18-A8C3-B4AEE36CCFD2}.Debug|Any CPU.Build.0 = Debug|Any CPU
		{94F40104-F8B8-4C18-A8C3-B4AEE36CCFD2}.Release|Any CPU.ActiveCfg = Release|Any CPU
		{94F40104-F8B8-4C18-A8C3-B4AEE36CCFD2}.Release|Any CPU.Build.0 = Release|Any CPU
		{933324D4-CDB9-4250-B155-6AB76EDCBB91}.Debug|Any CPU.ActiveCfg = Debug|Any CPU
		{933324D4-CDB9-4250-B155-6AB76EDCBB91}.Debug|Any CPU.Build.0 = Debug|Any CPU
		{933324D4-CDB9-4250-B155-6AB76EDCBB91}.Release|Any CPU.ActiveCfg = Release|Any CPU
		{933324D4-CDB9-4250-B155-6AB76EDCBB91}.Release|Any CPU.Build.0 = Release|Any CPU
	EndGlobalSection
	GlobalSection(SolutionProperties) = preSolution
		HideSolutionNode = FALSE
	EndGlobalSection
	GlobalSection(ExtensibilityGlobals) = postSolution
		SolutionGuid = {AB0342DF-E8AD-477A-ACE3-3857B24F0432}
	EndGlobalSection
EndGlobal
